
Microsoft Visual Studio Solution File, Format Version 12.00
# Visual Studio 2013
VisualStudioVersion = 12.0.30723.0
MinimumVisualStudioVersion = 10.0.40219.1
Project("{FAE04EC0-301F-11D3-BF4B-00C04F79EFBC}") = "All.Core", "All.Core\All.Core.csproj", "{7B422668-5E8B-4825-BB49-6993C284561A}"
EndProject
Project("{FAE04EC0-301F-11D3-BF4B-00C04F79EFBC}") = "All.Helper", "All.Helper\All.Helper.csproj", "{D06DF685-018C-4C28-A5AC-408850A268E5}"
EndProject
Project("{FAE04EC0-301F-11D3-BF4B-00C04F79EFBC}") = "wpfClient.Manager", "wpfClient.Manager\wpfClient.Manager.csproj", "{CBF37C04-F735-45A8-AD73-036545B78D3F}"
EndProject
Project("{FAE04EC0-301F-11D3-BF4B-00C04F79EFBC}") = "ClientWebHelper", "ClientWebHelper\ClientWebHelper.csproj", "{5E5185B9-15BC-4FE6-9802-119BA285E141}"
EndProject
Project("{FAE04EC0-301F-11D3-BF4B-00C04F79EFBC}") = "All.ConfigHelper", "ConfigHelper\All.ConfigHelper.csproj", "{6320FDBB-A971-4684-86F4-B4FCF956F2B7}"
EndProject
Project("{FAE04EC0-301F-11D3-BF4B-00C04F79EFBC}") = "SqliteORM", "SqliteORM\SqliteORM.csproj", "{6B177771-4444-48A9-8ECB-DB27ED900969}"
EndProject
Project("{FAE04EC0-301F-11D3-BF4B-00C04F79EFBC}") = "All.Security", "All.Security\All.Security.csproj", "{68BB900A-9609-4596-8E95-B72AFCD7A24A}"
EndProject
Project("{FAE04EC0-301F-11D3-BF4B-00C04F79EFBC}") = "wpfClient.Model", "wpfClient.Model\wpfClient.Model.csproj", "{166D7C61-83D8-422F-92D3-BD467A79C063}"
EndProject
Project("{FAE04EC0-301F-11D3-BF4B-00C04F79EFBC}") = "艾梦小说更新提醒器", "艾梦小说更新提醒器\艾梦小说更新提醒器.csproj", "{EC03DEA9-85B1-427F-9B01-6283F9E8B28D}"
EndProject
Project("{FAE04EC0-301F-11D3-BF4B-00C04F79EFBC}") = "AutoUpdater", "AutoUpdater\AutoUpdater.csproj", "{4CEADF71-8032-47FE-A357-D6F4023261CF}"
EndProject
Project("{FAE04EC0-301F-11D3-BF4B-00C04F79EFBC}") = "JobManager", "JobManager\JobManager.csproj", "{2DECCE7C-5802-4A1D-BEC5-E0DBB53E0F03}"
EndProject
Global
	GlobalSection(TeamFoundationVersionControl) = preSolution
		SccNumberOfProjects = 12
		SccEnterpriseProvider = {4CA58AB2-18FA-4F8D-95D4-32DDF27D184C}
		SccTeamFoundationServer = http://localhost:8080/tfs/aimeng366tfs
		SccLocalPath0 = .
		SccProjectUniqueName1 = All.Core\\All.Core.csproj
		SccProjectName1 = All.Core
		SccLocalPath1 = All.Core
		SccProjectUniqueName2 = All.Helper\\All.Helper.csproj
		SccProjectName2 = All.Helper
		SccLocalPath2 = All.Helper
		SccProjectUniqueName3 = ConfigHelper\\All.ConfigHelper.csproj
		SccProjectName3 = ConfigHelper
		SccLocalPath3 = ConfigHelper
		SccProjectUniqueName4 = ClientWebHelper\\ClientWebHelper.csproj
		SccProjectName4 = ClientWebHelper
		SccLocalPath4 = ClientWebHelper
		SccProjectUniqueName5 = All.Security\\All.Security.csproj
		SccProjectName5 = All.Security
		SccLocalPath5 = All.Security
		SccProjectUniqueName6 = SqliteORM\\SqliteORM.csproj
		SccProjectName6 = SqliteORM
		SccLocalPath6 = SqliteORM
		SccProjectUniqueName7 = wpfClient.Manager\\wpfClient.Manager.csproj
		SccProjectName7 = wpfClient.Manager
		SccLocalPath7 = wpfClient.Manager
		SccProjectUniqueName8 = wpfClient.Model\\wpfClient.Model.csproj
		SccProjectName8 = wpfClient.Model
		SccLocalPath8 = wpfClient.Model
		SccProjectUniqueName9 = 艾梦小说更新提醒器\\艾梦小说更新提醒器.csproj
		SccProjectName9 = 艾梦小说更新提醒器
		SccLocalPath9 = 艾梦小说更新提醒器
		SccProjectUniqueName10 = AutoUpdater\\AutoUpdater.csproj
		SccProjectName10 = AutoUpdater
		SccLocalPath10 = AutoUpdater
		SccProjectUniqueName11 = JobManager\\JobManager.csproj
		SccProjectName11 = JobManager
		SccLocalPath11 = JobManager
	EndGlobalSection
	GlobalSection(SolutionConfigurationPlatforms) = preSolution
		CD_ROM|Any CPU = CD_ROM|Any CPU
		CD_ROM|Mixed Platforms = CD_ROM|Mixed Platforms
		CD_ROM|x86 = CD_ROM|x86
		Debug|Any CPU = Debug|Any CPU
		Debug|Mixed Platforms = Debug|Mixed Platforms
		Debug|x86 = Debug|x86
		DVD-5|Any CPU = DVD-5|Any CPU
		DVD-5|Mixed Platforms = DVD-5|Mixed Platforms
		DVD-5|x86 = DVD-5|x86
		Release|Any CPU = Release|Any CPU
		Release|Mixed Platforms = Release|Mixed Platforms
		Release|x86 = Release|x86
		SingleImage|Any CPU = SingleImage|Any CPU
		SingleImage|Mixed Platforms = SingleImage|Mixed Platforms
		SingleImage|x86 = SingleImage|x86
	EndGlobalSection
	GlobalSection(ProjectConfigurationPlatforms) = postSolution
		{7B422668-5E8B-4825-BB49-6993C284561A}.CD_ROM|Any CPU.ActiveCfg = Release|Any CPU
		{7B422668-5E8B-4825-BB49-6993C284561A}.CD_ROM|Any CPU.Build.0 = Release|Any CPU
		{7B422668-5E8B-4825-BB49-6993C284561A}.CD_ROM|Mixed Platforms.ActiveCfg = Release|Any CPU
		{7B422668-5E8B-4825-BB49-6993C284561A}.CD_ROM|Mixed Platforms.Build.0 = Release|Any CPU
		{7B422668-5E8B-4825-BB49-6993C284561A}.CD_ROM|x86.ActiveCfg = Release|Any CPU
		{7B422668-5E8B-4825-BB49-6993C284561A}.Debug|Any CPU.ActiveCfg = Debug|Any CPU
		{7B422668-5E8B-4825-BB49-6993C284561A}.Debug|Any CPU.Build.0 = Debug|Any CPU
		{7B422668-5E8B-4825-BB49-6993C284561A}.Debug|Mixed Platforms.ActiveCfg = Debug|Any CPU
		{7B422668-5E8B-4825-BB49-6993C284561A}.Debug|Mixed Platforms.Build.0 = Debug|Any CPU
		{7B422668-5E8B-4825-BB49-6993C284561A}.Debug|x86.ActiveCfg = Debug|Any CPU
		{7B422668-5E8B-4825-BB49-6993C284561A}.DVD-5|Any CPU.ActiveCfg = Debug|Any CPU
		{7B422668-5E8B-4825-BB49-6993C284561A}.DVD-5|Any CPU.Build.0 = Debug|Any CPU
		{7B422668-5E8B-4825-BB49-6993C284561A}.DVD-5|Mixed Platforms.ActiveCfg = Debug|Any CPU
		{7B422668-5E8B-4825-BB49-6993C284561A}.DVD-5|Mixed Platforms.Build.0 = Debug|Any CPU
		{7B422668-5E8B-4825-BB49-6993C284561A}.DVD-5|x86.ActiveCfg = Debug|Any CPU
		{7B422668-5E8B-4825-BB49-6993C284561A}.Release|Any CPU.ActiveCfg = Release|Any CPU
		{7B422668-5E8B-4825-BB49-6993C284561A}.Release|Any CPU.Build.0 = Release|Any CPU
		{7B422668-5E8B-4825-BB49-6993C284561A}.Release|Mixed Platforms.ActiveCfg = Release|Any CPU
		{7B422668-5E8B-4825-BB49-6993C284561A}.Release|Mixed Platforms.Build.0 = Release|Any CPU
		{7B422668-5E8B-4825-BB49-6993C284561A}.Release|x86.ActiveCfg = Release|Any CPU
		{7B422668-5E8B-4825-BB49-6993C284561A}.SingleImage|Any CPU.ActiveCfg = Release|Any CPU
		{7B422668-5E8B-4825-BB49-6993C284561A}.SingleImage|Any CPU.Build.0 = Release|Any CPU
		{7B422668-5E8B-4825-BB49-6993C284561A}.SingleImage|Mixed Platforms.ActiveCfg = Release|Any CPU
		{7B422668-5E8B-4825-BB49-6993C284561A}.SingleImage|Mixed Platforms.Build.0 = Release|Any CPU
		{7B422668-5E8B-4825-BB49-6993C284561A}.SingleImage|x86.ActiveCfg = Release|Any CPU
		{D06DF685-018C-4C28-A5AC-408850A268E5}.CD_ROM|Any CPU.ActiveCfg = Release|Any CPU
		{D06DF685-018C-4C28-A5AC-408850A268E5}.CD_ROM|Any CPU.Build.0 = Release|Any CPU
		{D06DF685-018C-4C28-A5AC-408850A268E5}.CD_ROM|Mixed Platforms.ActiveCfg = Release|Any CPU
		{D06DF685-018C-4C28-A5AC-408850A268E5}.CD_ROM|Mixed Platforms.Build.0 = Release|Any CPU
		{D06DF685-018C-4C28-A5AC-408850A268E5}.CD_ROM|x86.ActiveCfg = Release|Any CPU
		{D06DF685-018C-4C28-A5AC-408850A268E5}.Debug|Any CPU.ActiveCfg = Debug|Any CPU
		{D06DF685-018C-4C28-A5AC-408850A268E5}.Debug|Any CPU.Build.0 = Debug|Any CPU
		{D06DF685-018C-4C28-A5AC-408850A268E5}.Debug|Mixed Platforms.ActiveCfg = Debug|Any CPU
		{D06DF685-018C-4C28-A5AC-408850A268E5}.Debug|Mixed Platforms.Build.0 = Debug|Any CPU
		{D06DF685-018C-4C28-A5AC-408850A268E5}.Debug|x86.ActiveCfg = Debug|Any CPU
		{D06DF685-018C-4C28-A5AC-408850A268E5}.DVD-5|Any CPU.ActiveCfg = Debug|Any CPU
		{D06DF685-018C-4C28-A5AC-408850A268E5}.DVD-5|Any CPU.Build.0 = Debug|Any CPU
		{D06DF685-018C-4C28-A5AC-408850A268E5}.DVD-5|Mixed Platforms.ActiveCfg = Debug|Any CPU
		{D06DF685-018C-4C28-A5AC-408850A268E5}.DVD-5|Mixed Platforms.Build.0 = Debug|Any CPU
		{D06DF685-018C-4C28-A5AC-408850A268E5}.DVD-5|x86.ActiveCfg = Debug|Any CPU
		{D06DF685-018C-4C28-A5AC-408850A268E5}.Release|Any CPU.ActiveCfg = Release|Any CPU
		{D06DF685-018C-4C28-A5AC-408850A268E5}.Release|Any CPU.Build.0 = Release|Any CPU
		{D06DF685-018C-4C28-A5AC-408850A268E5}.Release|Mixed Platforms.ActiveCfg = Release|Any CPU
		{D06DF685-018C-4C28-A5AC-408850A268E5}.Release|Mixed Platforms.Build.0 = Release|Any CPU
		{D06DF685-018C-4C28-A5AC-408850A268E5}.Release|x86.ActiveCfg = Release|Any CPU
		{D06DF685-018C-4C28-A5AC-408850A268E5}.SingleImage|Any CPU.ActiveCfg = Release|Any CPU
		{D06DF685-018C-4C28-A5AC-408850A268E5}.SingleImage|Any CPU.Build.0 = Release|Any CPU
		{D06DF685-018C-4C28-A5AC-408850A268E5}.SingleImage|Mixed Platforms.ActiveCfg = Release|Any CPU
		{D06DF685-018C-4C28-A5AC-408850A268E5}.SingleImage|Mixed Platforms.Build.0 = Release|Any CPU
		{D06DF685-018C-4C28-A5AC-408850A268E5}.SingleImage|x86.ActiveCfg = Release|Any CPU
		{CBF37C04-F735-45A8-AD73-036545B78D3F}.CD_ROM|Any CPU.ActiveCfg = Release|Any CPU
		{CBF37C04-F735-45A8-AD73-036545B78D3F}.CD_ROM|Any CPU.Build.0 = Release|Any CPU
		{CBF37C04-F735-45A8-AD73-036545B78D3F}.CD_ROM|Mixed Platforms.ActiveCfg = Release|Any CPU
		{CBF37C04-F735-45A8-AD73-036545B78D3F}.CD_ROM|Mixed Platforms.Build.0 = Release|Any CPU
		{CBF37C04-F735-45A8-AD73-036545B78D3F}.CD_ROM|x86.ActiveCfg = Release|Any CPU
		{CBF37C04-F735-45A8-AD73-036545B78D3F}.Debug|Any CPU.ActiveCfg = Debug|Any CPU
		{CBF37C04-F735-45A8-AD73-036545B78D3F}.Debug|Any CPU.Build.0 = Debug|Any CPU
		{CBF37C04-F735-45A8-AD73-036545B78D3F}.Debug|Mixed Platforms.ActiveCfg = Debug|Any CPU
		{CBF37C04-F735-45A8-AD73-036545B78D3F}.Debug|Mixed Platforms.Build.0 = Debug|Any CPU
		{CBF37C04-F735-45A8-AD73-036545B78D3F}.Debug|x86.ActiveCfg = Debug|Any CPU
		{CBF37C04-F735-45A8-AD73-036545B78D3F}.DVD-5|Any CPU.ActiveCfg = Debug|Any CPU
		{CBF37C04-F735-45A8-AD73-036545B78D3F}.DVD-5|Any CPU.Build.0 = Debug|Any CPU
		{CBF37C04-F735-45A8-AD73-036545B78D3F}.DVD-5|Mixed Platforms.ActiveCfg = Debug|Any CPU
		{CBF37C04-F735-45A8-AD73-036545B78D3F}.DVD-5|Mixed Platforms.Build.0 = Debug|Any CPU
		{CBF37C04-F735-45A8-AD73-036545B78D3F}.DVD-5|x86.ActiveCfg = Debug|Any CPU
		{CBF37C04-F735-45A8-AD73-036545B78D3F}.Release|Any CPU.ActiveCfg = Release|Any CPU
		{CBF37C04-F735-45A8-AD73-036545B78D3F}.Release|Any CPU.Build.0 = Release|Any CPU
		{CBF37C04-F735-45A8-AD73-036545B78D3F}.Release|Mixed Platforms.ActiveCfg = Release|Any CPU
		{CBF37C04-F735-45A8-AD73-036545B78D3F}.Release|Mixed Platforms.Build.0 = Release|Any CPU
		{CBF37C04-F735-45A8-AD73-036545B78D3F}.Release|x86.ActiveCfg = Release|Any CPU
		{CBF37C04-F735-45A8-AD73-036545B78D3F}.SingleImage|Any CPU.ActiveCfg = Release|Any CPU
		{CBF37C04-F735-45A8-AD73-036545B78D3F}.SingleImage|Any CPU.Build.0 = Release|Any CPU
		{CBF37C04-F735-45A8-AD73-036545B78D3F}.SingleImage|Mixed Platforms.ActiveCfg = Release|Any CPU
		{CBF37C04-F735-45A8-AD73-036545B78D3F}.SingleImage|Mixed Platforms.Build.0 = Release|Any CPU
		{CBF37C04-F735-45A8-AD73-036545B78D3F}.SingleImage|x86.ActiveCfg = Release|Any CPU
		{5E5185B9-15BC-4FE6-9802-119BA285E141}.CD_ROM|Any CPU.ActiveCfg = Release|Any CPU
		{5E5185B9-15BC-4FE6-9802-119BA285E141}.CD_ROM|Any CPU.Build.0 = Release|Any CPU
		{5E5185B9-15BC-4FE6-9802-119BA285E141}.CD_ROM|Mixed Platforms.ActiveCfg = Release|Any CPU
		{5E5185B9-15BC-4FE6-9802-119BA285E141}.CD_ROM|Mixed Platforms.Build.0 = Release|Any CPU
		{5E5185B9-15BC-4FE6-9802-119BA285E141}.CD_ROM|x86.ActiveCfg = Release|Any CPU
		{5E5185B9-15BC-4FE6-9802-119BA285E141}.Debug|Any CPU.ActiveCfg = Debug|Any CPU
		{5E5185B9-15BC-4FE6-9802-119BA285E141}.Debug|Any CPU.Build.0 = Debug|Any CPU
		{5E5185B9-15BC-4FE6-9802-119BA285E141}.Debug|Mixed Platforms.ActiveCfg = Debug|Any CPU
		{5E5185B9-15BC-4FE6-9802-119BA285E141}.Debug|Mixed Platforms.Build.0 = Debug|Any CPU
		{5E5185B9-15BC-4FE6-9802-119BA285E141}.Debug|x86.ActiveCfg = Debug|Any CPU
		{5E5185B9-15BC-4FE6-9802-119BA285E141}.DVD-5|Any CPU.ActiveCfg = Debug|Any CPU
		{5E5185B9-15BC-4FE6-9802-119BA285E141}.DVD-5|Any CPU.Build.0 = Debug|Any CPU
		{5E5185B9-15BC-4FE6-9802-119BA285E141}.DVD-5|Mixed Platforms.ActiveCfg = Debug|Any CPU
		{5E5185B9-15BC-4FE6-9802-119BA285E141}.DVD-5|Mixed Platforms.Build.0 = Debug|Any CPU
		{5E5185B9-15BC-4FE6-9802-119BA285E141}.DVD-5|x86.ActiveCfg = Debug|Any CPU
		{5E5185B9-15BC-4FE6-9802-119BA285E141}.Release|Any CPU.ActiveCfg = Release|Any CPU
		{5E5185B9-15BC-4FE6-9802-119BA285E141}.Release|Any CPU.Build.0 = Release|Any CPU
		{5E5185B9-15BC-4FE6-9802-119BA285E141}.Release|Mixed Platforms.ActiveCfg = Release|Any CPU
		{5E5185B9-15BC-4FE6-9802-119BA285E141}.Release|Mixed Platforms.Build.0 = Release|Any CPU
		{5E5185B9-15BC-4FE6-9802-119BA285E141}.Release|x86.ActiveCfg = Release|Any CPU
		{5E5185B9-15BC-4FE6-9802-119BA285E141}.SingleImage|Any CPU.ActiveCfg = Release|Any CPU
		{5E5185B9-15BC-4FE6-9802-119BA285E141}.SingleImage|Any CPU.Build.0 = Release|Any CPU
		{5E5185B9-15BC-4FE6-9802-119BA285E141}.SingleImage|Mixed Platforms.ActiveCfg = Release|Any CPU
		{5E5185B9-15BC-4FE6-9802-119BA285E141}.SingleImage|Mixed Platforms.Build.0 = Release|Any CPU
		{5E5185B9-15BC-4FE6-9802-119BA285E141}.SingleImage|x86.ActiveCfg = Release|Any CPU
		{6320FDBB-A971-4684-86F4-B4FCF956F2B7}.CD_ROM|Any CPU.ActiveCfg = Release|Any CPU
		{6320FDBB-A971-4684-86F4-B4FCF956F2B7}.CD_ROM|Any CPU.Build.0 = Release|Any CPU
		{6320FDBB-A971-4684-86F4-B4FCF956F2B7}.CD_ROM|Mixed Platforms.ActiveCfg = Release|Any CPU
		{6320FDBB-A971-4684-86F4-B4FCF956F2B7}.CD_ROM|Mixed Platforms.Build.0 = Release|Any CPU
		{6320FDBB-A971-4684-86F4-B4FCF956F2B7}.CD_ROM|x86.ActiveCfg = Release|Any CPU
		{6320FDBB-A971-4684-86F4-B4FCF956F2B7}.Debug|Any CPU.ActiveCfg = Debug|Any CPU
		{6320FDBB-A971-4684-86F4-B4FCF956F2B7}.Debug|Any CPU.Build.0 = Debug|Any CPU
		{6320FDBB-A971-4684-86F4-B4FCF956F2B7}.Debug|Mixed Platforms.ActiveCfg = Debug|Any CPU
		{6320FDBB-A971-4684-86F4-B4FCF956F2B7}.Debug|Mixed Platforms.Build.0 = Debug|Any CPU
		{6320FDBB-A971-4684-86F4-B4FCF956F2B7}.Debug|x86.ActiveCfg = Debug|Any CPU
		{6320FDBB-A971-4684-86F4-B4FCF956F2B7}.DVD-5|Any CPU.ActiveCfg = Debug|Any CPU
		{6320FDBB-A971-4684-86F4-B4FCF956F2B7}.DVD-5|Any CPU.Build.0 = Debug|Any CPU
		{6320FDBB-A971-4684-86F4-B4FCF956F2B7}.DVD-5|Mixed Platforms.ActiveCfg = Debug|Any CPU
		{6320FDBB-A971-4684-86F4-B4FCF956F2B7}.DVD-5|Mixed Platforms.Build.0 = Debug|Any CPU
		{6320FDBB-A971-4684-86F4-B4FCF956F2B7}.DVD-5|x86.ActiveCfg = Debug|Any CPU
		{6320FDBB-A971-4684-86F4-B4FCF956F2B7}.Release|Any CPU.ActiveCfg = Release|Any CPU
		{6320FDBB-A971-4684-86F4-B4FCF956F2B7}.Release|Any CPU.Build.0 = Release|Any CPU
		{6320FDBB-A971-4684-86F4-B4FCF956F2B7}.Release|Mixed Platforms.ActiveCfg = Release|Any CPU
		{6320FDBB-A971-4684-86F4-B4FCF956F2B7}.Release|Mixed Platforms.Build.0 = Release|Any CPU
		{6320FDBB-A971-4684-86F4-B4FCF956F2B7}.Release|x86.ActiveCfg = Release|Any CPU
		{6320FDBB-A971-4684-86F4-B4FCF956F2B7}.SingleImage|Any CPU.ActiveCfg = Release|Any CPU
		{6320FDBB-A971-4684-86F4-B4FCF956F2B7}.SingleImage|Any CPU.Build.0 = Release|Any CPU
		{6320FDBB-A971-4684-86F4-B4FCF956F2B7}.SingleImage|Mixed Platforms.ActiveCfg = Release|Any CPU
		{6320FDBB-A971-4684-86F4-B4FCF956F2B7}.SingleImage|Mixed Platforms.Build.0 = Release|Any CPU
		{6320FDBB-A971-4684-86F4-B4FCF956F2B7}.SingleImage|x86.ActiveCfg = Release|Any CPU
		{6B177771-4444-48A9-8ECB-DB27ED900969}.CD_ROM|Any CPU.ActiveCfg = Release|Any CPU
		{6B177771-4444-48A9-8ECB-DB27ED900969}.CD_ROM|Any CPU.Build.0 = Release|Any CPU
		{6B177771-4444-48A9-8ECB-DB27ED900969}.CD_ROM|Mixed Platforms.ActiveCfg = Release|Any CPU
		{6B177771-4444-48A9-8ECB-DB27ED900969}.CD_ROM|Mixed Platforms.Build.0 = Release|Any CPU
		{6B177771-4444-48A9-8ECB-DB27ED900969}.CD_ROM|x86.ActiveCfg = Release|Any CPU
		{6B177771-4444-48A9-8ECB-DB27ED900969}.Debug|Any CPU.ActiveCfg = Debug|Any CPU
		{6B177771-4444-48A9-8ECB-DB27ED900969}.Debug|Any CPU.Build.0 = Debug|Any CPU
		{6B177771-4444-48A9-8ECB-DB27ED900969}.Debug|Mixed Platforms.ActiveCfg = Debug|Any CPU
		{6B177771-4444-48A9-8ECB-DB27ED900969}.Debug|Mixed Platforms.Build.0 = Debug|Any CPU
		{6B177771-4444-48A9-8ECB-DB27ED900969}.Debug|x86.ActiveCfg = Debug|Any CPU
		{6B177771-4444-48A9-8ECB-DB27ED900969}.DVD-5|Any CPU.ActiveCfg = Debug|Any CPU
		{6B177771-4444-48A9-8ECB-DB27ED900969}.DVD-5|Any CPU.Build.0 = Debug|Any CPU
		{6B177771-4444-48A9-8ECB-DB27ED900969}.DVD-5|Mixed Platforms.ActiveCfg = Debug|Any CPU
		{6B177771-4444-48A9-8ECB-DB27ED900969}.DVD-5|Mixed Platforms.Build.0 = Debug|Any CPU
		{6B177771-4444-48A9-8ECB-DB27ED900969}.DVD-5|x86.ActiveCfg = Debug|Any CPU
		{6B177771-4444-48A9-8ECB-DB27ED900969}.Release|Any CPU.ActiveCfg = Release|Any CPU
		{6B177771-4444-48A9-8ECB-DB27ED900969}.Release|Any CPU.Build.0 = Release|Any CPU
		{6B177771-4444-48A9-8ECB-DB27ED900969}.Release|Mixed Platforms.ActiveCfg = Release|Any CPU
		{6B177771-4444-48A9-8ECB-DB27ED900969}.Release|Mixed Platforms.Build.0 = Release|Any CPU
		{6B177771-4444-48A9-8ECB-DB27ED900969}.Release|x86.ActiveCfg = Release|Any CPU
		{6B177771-4444-48A9-8ECB-DB27ED900969}.SingleImage|Any CPU.ActiveCfg = Release|Any CPU
		{6B177771-4444-48A9-8ECB-DB27ED900969}.SingleImage|Any CPU.Build.0 = Release|Any CPU
		{6B177771-4444-48A9-8ECB-DB27ED900969}.SingleImage|Mixed Platforms.ActiveCfg = Release|Any CPU
		{6B177771-4444-48A9-8ECB-DB27ED900969}.SingleImage|Mixed Platforms.Build.0 = Release|Any CPU
		{6B177771-4444-48A9-8ECB-DB27ED900969}.SingleImage|x86.ActiveCfg = Release|Any CPU
		{68BB900A-9609-4596-8E95-B72AFCD7A24A}.CD_ROM|Any CPU.ActiveCfg = Release|Any CPU
		{68BB900A-9609-4596-8E95-B72AFCD7A24A}.CD_ROM|Any CPU.Build.0 = Release|Any CPU
		{68BB900A-9609-4596-8E95-B72AFCD7A24A}.CD_ROM|Mixed Platforms.ActiveCfg = Release|Any CPU
		{68BB900A-9609-4596-8E95-B72AFCD7A24A}.CD_ROM|Mixed Platforms.Build.0 = Release|Any CPU
		{68BB900A-9609-4596-8E95-B72AFCD7A24A}.CD_ROM|x86.ActiveCfg = Release|Any CPU
		{68BB900A-9609-4596-8E95-B72AFCD7A24A}.Debug|Any CPU.ActiveCfg = Debug|Any CPU
		{68BB900A-9609-4596-8E95-B72AFCD7A24A}.Debug|Any CPU.Build.0 = Debug|Any CPU
		{68BB900A-9609-4596-8E95-B72AFCD7A24A}.Debug|Mixed Platforms.ActiveCfg = Debug|Any CPU
		{68BB900A-9609-4596-8E95-B72AFCD7A24A}.Debug|Mixed Platforms.Build.0 = Debug|Any CPU
		{68BB900A-9609-4596-8E95-B72AFCD7A24A}.Debug|x86.ActiveCfg = Debug|Any CPU
		{68BB900A-9609-4596-8E95-B72AFCD7A24A}.DVD-5|Any CPU.ActiveCfg = Debug|Any CPU
		{68BB900A-9609-4596-8E95-B72AFCD7A24A}.DVD-5|Any CPU.Build.0 = Debug|Any CPU
		{68BB900A-9609-4596-8E95-B72AFCD7A24A}.DVD-5|Mixed Platforms.ActiveCfg = Debug|Any CPU
		{68BB900A-9609-4596-8E95-B72AFCD7A24A}.DVD-5|Mixed Platforms.Build.0 = Debug|Any CPU
		{68BB900A-9609-4596-8E95-B72AFCD7A24A}.DVD-5|x86.ActiveCfg = Debug|Any CPU
		{68BB900A-9609-4596-8E95-B72AFCD7A24A}.Release|Any CPU.ActiveCfg = Release|Any CPU
		{68BB900A-9609-4596-8E95-B72AFCD7A24A}.Release|Any CPU.Build.0 = Release|Any CPU
		{68BB900A-9609-4596-8E95-B72AFCD7A24A}.Release|Mixed Platforms.ActiveCfg = Release|Any CPU
		{68BB900A-9609-4596-8E95-B72AFCD7A24A}.Release|Mixed Platforms.Build.0 = Release|Any CPU
		{68BB900A-9609-4596-8E95-B72AFCD7A24A}.Release|x86.ActiveCfg = Release|Any CPU
		{68BB900A-9609-4596-8E95-B72AFCD7A24A}.SingleImage|Any CPU.ActiveCfg = Release|Any CPU
		{68BB900A-9609-4596-8E95-B72AFCD7A24A}.SingleImage|Any CPU.Build.0 = Release|Any CPU
		{68BB900A-9609-4596-8E95-B72AFCD7A24A}.SingleImage|Mixed Platforms.ActiveCfg = Release|Any CPU
		{68BB900A-9609-4596-8E95-B72AFCD7A24A}.SingleImage|Mixed Platforms.Build.0 = Release|Any CPU
		{68BB900A-9609-4596-8E95-B72AFCD7A24A}.SingleImage|x86.ActiveCfg = Release|Any CPU
		{166D7C61-83D8-422F-92D3-BD467A79C063}.CD_ROM|Any CPU.ActiveCfg = Release|Any CPU
		{166D7C61-83D8-422F-92D3-BD467A79C063}.CD_ROM|Any CPU.Build.0 = Release|Any CPU
		{166D7C61-83D8-422F-92D3-BD467A79C063}.CD_ROM|Mixed Platforms.ActiveCfg = Release|Any CPU
		{166D7C61-83D8-422F-92D3-BD467A79C063}.CD_ROM|Mixed Platforms.Build.0 = Release|Any CPU
		{166D7C61-83D8-422F-92D3-BD467A79C063}.CD_ROM|x86.ActiveCfg = Release|Any CPU
		{166D7C61-83D8-422F-92D3-BD467A79C063}.Debug|Any CPU.ActiveCfg = Debug|Any CPU
		{166D7C61-83D8-422F-92D3-BD467A79C063}.Debug|Any CPU.Build.0 = Debug|Any CPU
		{166D7C61-83D8-422F-92D3-BD467A79C063}.Debug|Mixed Platforms.ActiveCfg = Debug|Any CPU
		{166D7C61-83D8-422F-92D3-BD467A79C063}.Debug|Mixed Platforms.Build.0 = Debug|Any CPU
		{166D7C61-83D8-422F-92D3-BD467A79C063}.Debug|x86.ActiveCfg = Debug|Any CPU
		{166D7C61-83D8-422F-92D3-BD467A79C063}.DVD-5|Any CPU.ActiveCfg = Debug|Any CPU
		{166D7C61-83D8-422F-92D3-BD467A79C063}.DVD-5|Any CPU.Build.0 = Debug|Any CPU
		{166D7C61-83D8-422F-92D3-BD467A79C063}.DVD-5|Mixed Platforms.ActiveCfg = Debug|Any CPU
		{166D7C61-83D8-422F-92D3-BD467A79C063}.DVD-5|Mixed Platforms.Build.0 = Debug|Any CPU
		{166D7C61-83D8-422F-92D3-BD467A79C063}.DVD-5|x86.ActiveCfg = Debug|Any CPU
		{166D7C61-83D8-422F-92D3-BD467A79C063}.Release|Any CPU.ActiveCfg = Release|Any CPU
		{166D7C61-83D8-422F-92D3-BD467A79C063}.Release|Any CPU.Build.0 = Release|Any CPU
		{166D7C61-83D8-422F-92D3-BD467A79C063}.Release|Mixed Platforms.ActiveCfg = Release|Any CPU
		{166D7C61-83D8-422F-92D3-BD467A79C063}.Release|Mixed Platforms.Build.0 = Release|Any CPU
		{166D7C61-83D8-422F-92D3-BD467A79C063}.Release|x86.ActiveCfg = Release|Any CPU
		{166D7C61-83D8-422F-92D3-BD467A79C063}.SingleImage|Any CPU.ActiveCfg = Release|Any CPU
		{166D7C61-83D8-422F-92D3-BD467A79C063}.SingleImage|Any CPU.Build.0 = Release|Any CPU
		{166D7C61-83D8-422F-92D3-BD467A79C063}.SingleImage|Mixed Platforms.ActiveCfg = Release|Any CPU
		{166D7C61-83D8-422F-92D3-BD467A79C063}.SingleImage|Mixed Platforms.Build.0 = Release|Any CPU
		{166D7C61-83D8-422F-92D3-BD467A79C063}.SingleImage|x86.ActiveCfg = Release|Any CPU
		{EC03DEA9-85B1-427F-9B01-6283F9E8B28D}.CD_ROM|Any CPU.ActiveCfg = Release|Any CPU
		{EC03DEA9-85B1-427F-9B01-6283F9E8B28D}.CD_ROM|Any CPU.Build.0 = Release|Any CPU
		{EC03DEA9-85B1-427F-9B01-6283F9E8B28D}.CD_ROM|Mixed Platforms.ActiveCfg = Release|Any CPU
		{EC03DEA9-85B1-427F-9B01-6283F9E8B28D}.CD_ROM|Mixed Platforms.Build.0 = Release|Any CPU
		{EC03DEA9-85B1-427F-9B01-6283F9E8B28D}.CD_ROM|x86.ActiveCfg = Release|Any CPU
		{EC03DEA9-85B1-427F-9B01-6283F9E8B28D}.Debug|Any CPU.ActiveCfg = Debug|Any CPU
		{EC03DEA9-85B1-427F-9B01-6283F9E8B28D}.Debug|Any CPU.Build.0 = Debug|Any CPU
		{EC03DEA9-85B1-427F-9B01-6283F9E8B28D}.Debug|Mixed Platforms.ActiveCfg = Debug|Any CPU
		{EC03DEA9-85B1-427F-9B01-6283F9E8B28D}.Debug|Mixed Platforms.Build.0 = Debug|Any CPU
		{EC03DEA9-85B1-427F-9B01-6283F9E8B28D}.Debug|x86.ActiveCfg = Debug|Any CPU
		{EC03DEA9-85B1-427F-9B01-6283F9E8B28D}.DVD-5|Any CPU.ActiveCfg = Debug|Any CPU
		{EC03DEA9-85B1-427F-9B01-6283F9E8B28D}.DVD-5|Any CPU.Build.0 = Debug|Any CPU
		{EC03DEA9-85B1-427F-9B01-6283F9E8B28D}.DVD-5|Mixed Platforms.ActiveCfg = Debug|Any CPU
		{EC03DEA9-85B1-427F-9B01-6283F9E8B28D}.DVD-5|Mixed Platforms.Build.0 = Debug|Any CPU
		{EC03DEA9-85B1-427F-9B01-6283F9E8B28D}.DVD-5|x86.ActiveCfg = Debug|Any CPU
		{EC03DEA9-85B1-427F-9B01-6283F9E8B28D}.Release|Any CPU.ActiveCfg = Release|Any CPU
		{EC03DEA9-85B1-427F-9B01-6283F9E8B28D}.Release|Any CPU.Build.0 = Release|Any CPU
		{EC03DEA9-85B1-427F-9B01-6283F9E8B28D}.Release|Mixed Platforms.ActiveCfg = Release|Any CPU
		{EC03DEA9-85B1-427F-9B01-6283F9E8B28D}.Release|Mixed Platforms.Build.0 = Release|Any CPU
		{EC03DEA9-85B1-427F-9B01-6283F9E8B28D}.Release|x86.ActiveCfg = Release|Any CPU
		{EC03DEA9-85B1-427F-9B01-6283F9E8B28D}.SingleImage|Any CPU.ActiveCfg = Release|Any CPU
		{EC03DEA9-85B1-427F-9B01-6283F9E8B28D}.SingleImage|Any CPU.Build.0 = Release|Any CPU
		{EC03DEA9-85B1-427F-9B01-6283F9E8B28D}.SingleImage|Mixed Platforms.ActiveCfg = Release|Any CPU
		{EC03DEA9-85B1-427F-9B01-6283F9E8B28D}.SingleImage|Mixed Platforms.Build.0 = Release|Any CPU
		{EC03DEA9-85B1-427F-9B01-6283F9E8B28D}.SingleImage|x86.ActiveCfg = Release|Any CPU
		{4CEADF71-8032-47FE-A357-D6F4023261CF}.CD_ROM|Any CPU.ActiveCfg = Release|x86
		{4CEADF71-8032-47FE-A357-D6F4023261CF}.CD_ROM|Mixed Platforms.ActiveCfg = Release|x86
		{4CEADF71-8032-47FE-A357-D6F4023261CF}.CD_ROM|Mixed Platforms.Build.0 = Release|x86
		{4CEADF71-8032-47FE-A357-D6F4023261CF}.CD_ROM|x86.ActiveCfg = Release|x86
		{4CEADF71-8032-47FE-A357-D6F4023261CF}.CD_ROM|x86.Build.0 = Release|x86
		{4CEADF71-8032-47FE-A357-D6F4023261CF}.Debug|Any CPU.ActiveCfg = Debug|x86
		{4CEADF71-8032-47FE-A357-D6F4023261CF}.Debug|Mixed Platforms.ActiveCfg = Debug|x86
		{4CEADF71-8032-47FE-A357-D6F4023261CF}.Debug|Mixed Platforms.Build.0 = Debug|x86
		{4CEADF71-8032-47FE-A357-D6F4023261CF}.Debug|x86.ActiveCfg = Debug|x86
		{4CEADF71-8032-47FE-A357-D6F4023261CF}.Debug|x86.Build.0 = Debug|x86
		{4CEADF71-8032-47FE-A357-D6F4023261CF}.DVD-5|Any CPU.ActiveCfg = Debug|x86
		{4CEADF71-8032-47FE-A357-D6F4023261CF}.DVD-5|Mixed Platforms.ActiveCfg = Debug|x86
		{4CEADF71-8032-47FE-A357-D6F4023261CF}.DVD-5|Mixed Platforms.Build.0 = Debug|x86
		{4CEADF71-8032-47FE-A357-D6F4023261CF}.DVD-5|x86.ActiveCfg = Debug|x86
		{4CEADF71-8032-47FE-A357-D6F4023261CF}.DVD-5|x86.Build.0 = Debug|x86
		{4CEADF71-8032-47FE-A357-D6F4023261CF}.Release|Any CPU.ActiveCfg = Release|x86
		{4CEADF71-8032-47FE-A357-D6F4023261CF}.Release|Mixed Platforms.ActiveCfg = Release|x86
		{4CEADF71-8032-47FE-A357-D6F4023261CF}.Release|Mixed Platforms.Build.0 = Release|x86
		{4CEADF71-8032-47FE-A357-D6F4023261CF}.Release|x86.ActiveCfg = Release|x86
		{4CEADF71-8032-47FE-A357-D6F4023261CF}.Release|x86.Build.0 = Release|x86
		{4CEADF71-8032-47FE-A357-D6F4023261CF}.SingleImage|Any CPU.ActiveCfg = Release|x86
		{4CEADF71-8032-47FE-A357-D6F4023261CF}.SingleImage|Mixed Platforms.ActiveCfg = Release|x86
		{4CEADF71-8032-47FE-A357-D6F4023261CF}.SingleImage|Mixed Platforms.Build.0 = Release|x86
		{4CEADF71-8032-47FE-A357-D6F4023261CF}.SingleImage|x86.ActiveCfg = Release|x86
		{4CEADF71-8032-47FE-A357-D6F4023261CF}.SingleImage|x86.Build.0 = Release|x86
		{2DECCE7C-5802-4A1D-BEC5-E0DBB53E0F03}.CD_ROM|Any CPU.ActiveCfg = Release|Any CPU
		{2DECCE7C-5802-4A1D-BEC5-E0DBB53E0F03}.CD_ROM|Any CPU.Build.0 = Release|Any CPU
		{2DECCE7C-5802-4A1D-BEC5-E0DBB53E0F03}.CD_ROM|Mixed Platforms.ActiveCfg = Release|Any CPU
		{2DECCE7C-5802-4A1D-BEC5-E0DBB53E0F03}.CD_ROM|Mixed Platforms.Build.0 = Release|Any CPU
		{2DECCE7C-5802-4A1D-BEC5-E0DBB53E0F03}.CD_ROM|x86.ActiveCfg = Release|Any CPU
		{2DECCE7C-5802-4A1D-BEC5-E0DBB53E0F03}.Debug|Any CPU.ActiveCfg = Debug|Any CPU
		{2DECCE7C-5802-4A1D-BEC5-E0DBB53E0F03}.Debug|Any CPU.Build.0 = Debug|Any CPU
		{2DECCE7C-5802-4A1D-BEC5-E0DBB53E0F03}.Debug|Mixed Platforms.ActiveCfg = Debug|Any CPU
		{2DECCE7C-5802-4A1D-BEC5-E0DBB53E0F03}.Debug|Mixed Platforms.Build.0 = Debug|Any CPU
		{2DECCE7C-5802-4A1D-BEC5-E0DBB53E0F03}.Debug|x86.ActiveCfg = Debug|Any CPU
		{2DECCE7C-5802-4A1D-BEC5-E0DBB53E0F03}.DVD-5|Any CPU.ActiveCfg = Debug|Any CPU
		{2DECCE7C-5802-4A1D-BEC5-E0DBB53E0F03}.DVD-5|Any CPU.Build.0 = Debug|Any CPU
		{2DECCE7C-5802-4A1D-BEC5-E0DBB53E0F03}.DVD-5|Mixed Platforms.ActiveCfg = Debug|Any CPU
		{2DECCE7C-5802-4A1D-BEC5-E0DBB53E0F03}.DVD-5|Mixed Platforms.Build.0 = Debug|Any CPU
		{2DECCE7C-5802-4A1D-BEC5-E0DBB53E0F03}.DVD-5|x86.ActiveCfg = Debug|Any CPU
		{2DECCE7C-5802-4A1D-BEC5-E0DBB53E0F03}.Release|Any CPU.ActiveCfg = Release|Any CPU
		{2DECCE7C-5802-4A1D-BEC5-E0DBB53E0F03}.Release|Any CPU.Build.0 = Release|Any CPU
		{2DECCE7C-5802-4A1D-BEC5-E0DBB53E0F03}.Release|Mixed Platforms.ActiveCfg = Release|Any CPU
		{2DECCE7C-5802-4A1D-BEC5-E0DBB53E0F03}.Release|Mixed Platforms.Build.0 = Release|Any CPU
		{2DECCE7C-5802-4A1D-BEC5-E0DBB53E0F03}.Release|x86.ActiveCfg = Release|Any CPU
		{2DECCE7C-5802-4A1D-BEC5-E0DBB53E0F03}.SingleImage|Any CPU.ActiveCfg = Release|Any CPU
		{2DECCE7C-5802-4A1D-BEC5-E0DBB53E0F03}.SingleImage|Any CPU.Build.0 = Release|Any CPU
		{2DECCE7C-5802-4A1D-BEC5-E0DBB53E0F03}.SingleImage|Mixed Platforms.ActiveCfg = Release|Any CPU
		{2DECCE7C-5802-4A1D-BEC5-E0DBB53E0F03}.SingleImage|Mixed Platforms.Build.0 = Release|Any CPU
		{2DECCE7C-5802-4A1D-BEC5-E0DBB53E0F03}.SingleImage|x86.ActiveCfg = Release|Any CPU
	EndGlobalSection
	GlobalSection(SolutionProperties) = preSolution
		HideSolutionNode = FALSE
	EndGlobalSection
EndGlobal
