
Microsoft Visual Studio Solution File, Format Version 12.00
# Visual Studio 2013
VisualStudioVersion = 12.0.40629.0
MinimumVisualStudioVersion = 10.0.40219.1
Project("{2150E333-8FDC-42A3-9474-1A3956D46DE8}") = "Web", "Web", "{5D93BD1F-211C-4D08-A2D3-FE0BCBCB31C3}"
EndProject
Project("{FAE04EC0-301F-11D3-BF4B-00C04F79EFBC}") = "BookD.Core", "BookD.Core\BookD.Core.csproj", "{7B9ECCF7-6803-437E-A9F3-3FFB7EEF3C36}"
EndProject
Project("{FAE04EC0-301F-11D3-BF4B-00C04F79EFBC}") = "BookD.Model", "BookD.Model\BookD.Model.csproj", "{485A525F-05B5-4AD6-9E44-546FF23DB81E}"
EndProject
Project("{FAE04EC0-301F-11D3-BF4B-00C04F79EFBC}") = "BookD.EF", "BookD.EF\BookD.EF.csproj", "{5F6930AC-4A24-4AC5-B412-1DB38968A9AA}"
EndProject
Project("{FAE04EC0-301F-11D3-BF4B-00C04F79EFBC}") = "BookD.Bill", "BookD.Bill\BookD.Bill.csproj", "{C5FF2428-31F9-4412-9544-4FC240D7E49E}"
EndProject
Project("{FAE04EC0-301F-11D3-BF4B-00C04F79EFBC}") = "BookD.Web", "BookD.Web\BookD.Web.csproj", "{F0823E88-AEFE-4496-85B4-A9C9EF5E375F}"
EndProject
Project("{2150E333-8FDC-42A3-9474-1A3956D46DE8}") = "QQ机器人", "QQ机器人", "{652D396E-17AE-4169-8FEB-251FB55C16EB}"
EndProject
Project("{FAE04EC0-301F-11D3-BF4B-00C04F79EFBC}") = "QQ.WebService", "QQ.WebService\QQ.WebService.csproj", "{17BD90E6-2A67-4F7F-B67B-173BC3FBF5A2}"
EndProject
Project("{FAE04EC0-301F-11D3-BF4B-00C04F79EFBC}") = "QQ.Model", "QQ.Model\QQ.Model.csproj", "{40D81F2F-51E2-4970-96FD-EDCE9A7484E3}"
EndProject
Project("{FAE04EC0-301F-11D3-BF4B-00C04F79EFBC}") = "QQ.UI", "QQ.UI\QQ.UI.csproj", "{20F6B1F4-E333-44B8-BF10-7A56FEFE2C81}"
EndProject
Project("{FAE04EC0-301F-11D3-BF4B-00C04F79EFBC}") = "QQ.EF", "QQ.EF\QQ.EF.csproj", "{914C0EDC-66C1-4AC4-8001-0B2CE4B0A48B}"
EndProject
Project("{2150E333-8FDC-42A3-9474-1A3956D46DE8}") = "Core", "Core", "{C6261077-7EE1-4A10-B293-C55613DF0C96}"
EndProject
Project("{FAE04EC0-301F-11D3-BF4B-00C04F79EFBC}") = "Db.EF", "Db.EF\Db.EF.csproj", "{BEDF75C6-4D75-47DA-A72B-968D6C217D0F}"
EndProject
Project("{FAE04EC0-301F-11D3-BF4B-00C04F79EFBC}") = "Db.EF.DbModel", "Db.EF.DbModel\Db.EF.DbModel.csproj", "{BB461787-E027-4574-B3B9-1A5E35B32F6F}"
EndProject
Project("{FAE04EC0-301F-11D3-BF4B-00C04F79EFBC}") = "All.Helper", "All.Helper\All.Helper.csproj", "{D06DF685-018C-4C28-A5AC-408850A268E5}"
EndProject
Project("{FAE04EC0-301F-11D3-BF4B-00C04F79EFBC}") = "All.Core", "All.Core\All.Core.csproj", "{7B422668-5E8B-4825-BB49-6993C284561A}"
EndProject
Project("{FAE04EC0-301F-11D3-BF4B-00C04F79EFBC}") = "All.Manager", "All.Manager\All.Manager.csproj", "{16197C6D-54B6-430E-9920-23470632B550}"
EndProject
Project("{2150E333-8FDC-42A3-9474-1A3956D46DE8}") = "资源监视器", "资源监视器", "{3DB420EE-D9CB-46C1-BE47-8D8C9BA1DB9C}"
EndProject
Project("{FAE04EC0-301F-11D3-BF4B-00C04F79EFBC}") = "ClientWebHelper", "ClientWebHelper\ClientWebHelper.csproj", "{5E5185B9-15BC-4FE6-9802-119BA285E141}"
EndProject
Project("{FAE04EC0-301F-11D3-BF4B-00C04F79EFBC}") = "All.ConfigHelper", "ConfigHelper\All.ConfigHelper.csproj", "{6320FDBB-A971-4684-86F4-B4FCF956F2B7}"
EndProject
Project("{FAE04EC0-301F-11D3-BF4B-00C04F79EFBC}") = "All.Security", "All.Security\All.Security.csproj", "{68BB900A-9609-4596-8E95-B72AFCD7A24A}"
EndProject
Project("{FAE04EC0-301F-11D3-BF4B-00C04F79EFBC}") = "All.Repo", "All.Repo\All.Repo.csproj", "{214EDB7F-1FC3-4F3E-9242-51CE8A0E9A3F}"
EndProject
Project("{FAE04EC0-301F-11D3-BF4B-00C04F79EFBC}") = "WebJobManager", "WebJobManager\WebJobManager.csproj", "{5B7AAD6D-5B90-4AE4-9FAE-529E763DAFAD}"
EndProject
Project("{2150E333-8FDC-42A3-9474-1A3956D46DE8}") = "JPush", "JPush", "{EED1CE79-BCEB-47B4-9D6B-E5306513D544}"
EndProject
Project("{FAE04EC0-301F-11D3-BF4B-00C04F79EFBC}") = "cn.jpush.api", "cn.jpush.api\cn.jpush.api.csproj", "{E281D457-F259-4F0B-8608-16C81D8AE97B}"
EndProject
Project("{2150E333-8FDC-42A3-9474-1A3956D46DE8}") = "EF", "EF", "{260ABF3E-D44E-4B0D-80A5-E455E0C74D3C}"
EndProject
Project("{FAE04EC0-301F-11D3-BF4B-00C04F79EFBC}") = "Quick.Framework.EFData", "Quick.Framework.EFData\Quick.Framework.EFData.csproj", "{E29F850E-3069-40FC-99AE-9720876B0187}"
EndProject
Project("{FAE04EC0-301F-11D3-BF4B-00C04F79EFBC}") = "Quick.Framework.Tool", "Quick.Framework.Tool\Quick.Framework.Tool.csproj", "{A9A5CDD3-CA9A-4952-A3DE-0F107BBB826A}"
EndProject
Global
	GlobalSection(SolutionConfigurationPlatforms) = preSolution
		Debug|Any CPU = Debug|Any CPU
		Release|Any CPU = Release|Any CPU
	EndGlobalSection
	GlobalSection(ProjectConfigurationPlatforms) = postSolution
		{7B9ECCF7-6803-437E-A9F3-3FFB7EEF3C36}.Debug|Any CPU.ActiveCfg = Debug|Any CPU
		{7B9ECCF7-6803-437E-A9F3-3FFB7EEF3C36}.Debug|Any CPU.Build.0 = Debug|Any CPU
		{7B9ECCF7-6803-437E-A9F3-3FFB7EEF3C36}.Release|Any CPU.ActiveCfg = Release|Any CPU
		{7B9ECCF7-6803-437E-A9F3-3FFB7EEF3C36}.Release|Any CPU.Build.0 = Release|Any CPU
		{485A525F-05B5-4AD6-9E44-546FF23DB81E}.Debug|Any CPU.ActiveCfg = Debug|Any CPU
		{485A525F-05B5-4AD6-9E44-546FF23DB81E}.Debug|Any CPU.Build.0 = Debug|Any CPU
		{485A525F-05B5-4AD6-9E44-546FF23DB81E}.Release|Any CPU.ActiveCfg = Release|Any CPU
		{485A525F-05B5-4AD6-9E44-546FF23DB81E}.Release|Any CPU.Build.0 = Release|Any CPU
		{5F6930AC-4A24-4AC5-B412-1DB38968A9AA}.Debug|Any CPU.ActiveCfg = Debug|Any CPU
		{5F6930AC-4A24-4AC5-B412-1DB38968A9AA}.Debug|Any CPU.Build.0 = Debug|Any CPU
		{5F6930AC-4A24-4AC5-B412-1DB38968A9AA}.Release|Any CPU.ActiveCfg = Release|Any CPU
		{5F6930AC-4A24-4AC5-B412-1DB38968A9AA}.Release|Any CPU.Build.0 = Release|Any CPU
		{C5FF2428-31F9-4412-9544-4FC240D7E49E}.Debug|Any CPU.ActiveCfg = Debug|Any CPU
		{C5FF2428-31F9-4412-9544-4FC240D7E49E}.Debug|Any CPU.Build.0 = Debug|Any CPU
		{C5FF2428-31F9-4412-9544-4FC240D7E49E}.Release|Any CPU.ActiveCfg = Release|Any CPU
		{C5FF2428-31F9-4412-9544-4FC240D7E49E}.Release|Any CPU.Build.0 = Release|Any CPU
		{F0823E88-AEFE-4496-85B4-A9C9EF5E375F}.Debug|Any CPU.ActiveCfg = Debug|Any CPU
		{F0823E88-AEFE-4496-85B4-A9C9EF5E375F}.Debug|Any CPU.Build.0 = Debug|Any CPU
		{F0823E88-AEFE-4496-85B4-A9C9EF5E375F}.Release|Any CPU.ActiveCfg = Release|Any CPU
		{F0823E88-AEFE-4496-85B4-A9C9EF5E375F}.Release|Any CPU.Build.0 = Release|Any CPU
		{17BD90E6-2A67-4F7F-B67B-173BC3FBF5A2}.Debug|Any CPU.ActiveCfg = Debug|Any CPU
		{17BD90E6-2A67-4F7F-B67B-173BC3FBF5A2}.Debug|Any CPU.Build.0 = Debug|Any CPU
		{17BD90E6-2A67-4F7F-B67B-173BC3FBF5A2}.Release|Any CPU.ActiveCfg = Release|Any CPU
		{17BD90E6-2A67-4F7F-B67B-173BC3FBF5A2}.Release|Any CPU.Build.0 = Release|Any CPU
		{40D81F2F-51E2-4970-96FD-EDCE9A7484E3}.Debug|Any CPU.ActiveCfg = Debug|Any CPU
		{40D81F2F-51E2-4970-96FD-EDCE9A7484E3}.Debug|Any CPU.Build.0 = Debug|Any CPU
		{40D81F2F-51E2-4970-96FD-EDCE9A7484E3}.Release|Any CPU.ActiveCfg = Release|Any CPU
		{40D81F2F-51E2-4970-96FD-EDCE9A7484E3}.Release|Any CPU.Build.0 = Release|Any CPU
		{20F6B1F4-E333-44B8-BF10-7A56FEFE2C81}.Debug|Any CPU.ActiveCfg = Debug|Any CPU
		{20F6B1F4-E333-44B8-BF10-7A56FEFE2C81}.Debug|Any CPU.Build.0 = Debug|Any CPU
		{20F6B1F4-E333-44B8-BF10-7A56FEFE2C81}.Release|Any CPU.ActiveCfg = Release|Any CPU
		{20F6B1F4-E333-44B8-BF10-7A56FEFE2C81}.Release|Any CPU.Build.0 = Release|Any CPU
		{914C0EDC-66C1-4AC4-8001-0B2CE4B0A48B}.Debug|Any CPU.ActiveCfg = Debug|Any CPU
		{914C0EDC-66C1-4AC4-8001-0B2CE4B0A48B}.Debug|Any CPU.Build.0 = Debug|Any CPU
		{914C0EDC-66C1-4AC4-8001-0B2CE4B0A48B}.Release|Any CPU.ActiveCfg = Release|Any CPU
		{914C0EDC-66C1-4AC4-8001-0B2CE4B0A48B}.Release|Any CPU.Build.0 = Release|Any CPU
		{BEDF75C6-4D75-47DA-A72B-968D6C217D0F}.Debug|Any CPU.ActiveCfg = Debug|Any CPU
		{BEDF75C6-4D75-47DA-A72B-968D6C217D0F}.Debug|Any CPU.Build.0 = Debug|Any CPU
		{BEDF75C6-4D75-47DA-A72B-968D6C217D0F}.Release|Any CPU.ActiveCfg = Release|Any CPU
		{BEDF75C6-4D75-47DA-A72B-968D6C217D0F}.Release|Any CPU.Build.0 = Release|Any CPU
		{BB461787-E027-4574-B3B9-1A5E35B32F6F}.Debug|Any CPU.ActiveCfg = Debug|Any CPU
		{BB461787-E027-4574-B3B9-1A5E35B32F6F}.Debug|Any CPU.Build.0 = Debug|Any CPU
		{BB461787-E027-4574-B3B9-1A5E35B32F6F}.Release|Any CPU.ActiveCfg = Release|Any CPU
		{BB461787-E027-4574-B3B9-1A5E35B32F6F}.Release|Any CPU.Build.0 = Release|Any CPU
		{D06DF685-018C-4C28-A5AC-408850A268E5}.Debug|Any CPU.ActiveCfg = Debug|Any CPU
		{D06DF685-018C-4C28-A5AC-408850A268E5}.Debug|Any CPU.Build.0 = Debug|Any CPU
		{D06DF685-018C-4C28-A5AC-408850A268E5}.Release|Any CPU.ActiveCfg = Release|Any CPU
		{D06DF685-018C-4C28-A5AC-408850A268E5}.Release|Any CPU.Build.0 = Release|Any CPU
		{7B422668-5E8B-4825-BB49-6993C284561A}.Debug|Any CPU.ActiveCfg = Debug|Any CPU
		{7B422668-5E8B-4825-BB49-6993C284561A}.Debug|Any CPU.Build.0 = Debug|Any CPU
		{7B422668-5E8B-4825-BB49-6993C284561A}.Release|Any CPU.ActiveCfg = Release|Any CPU
		{7B422668-5E8B-4825-BB49-6993C284561A}.Release|Any CPU.Build.0 = Release|Any CPU
		{16197C6D-54B6-430E-9920-23470632B550}.Debug|Any CPU.ActiveCfg = Debug|Any CPU
		{16197C6D-54B6-430E-9920-23470632B550}.Debug|Any CPU.Build.0 = Debug|Any CPU
		{16197C6D-54B6-430E-9920-23470632B550}.Release|Any CPU.ActiveCfg = Release|Any CPU
		{16197C6D-54B6-430E-9920-23470632B550}.Release|Any CPU.Build.0 = Release|Any CPU
		{5E5185B9-15BC-4FE6-9802-119BA285E141}.Debug|Any CPU.ActiveCfg = Debug|Any CPU
		{5E5185B9-15BC-4FE6-9802-119BA285E141}.Debug|Any CPU.Build.0 = Debug|Any CPU
		{5E5185B9-15BC-4FE6-9802-119BA285E141}.Release|Any CPU.ActiveCfg = Release|Any CPU
		{5E5185B9-15BC-4FE6-9802-119BA285E141}.Release|Any CPU.Build.0 = Release|Any CPU
		{6320FDBB-A971-4684-86F4-B4FCF956F2B7}.Debug|Any CPU.ActiveCfg = Debug|Any CPU
		{6320FDBB-A971-4684-86F4-B4FCF956F2B7}.Debug|Any CPU.Build.0 = Debug|Any CPU
		{6320FDBB-A971-4684-86F4-B4FCF956F2B7}.Release|Any CPU.ActiveCfg = Release|Any CPU
		{6320FDBB-A971-4684-86F4-B4FCF956F2B7}.Release|Any CPU.Build.0 = Release|Any CPU
		{68BB900A-9609-4596-8E95-B72AFCD7A24A}.Debug|Any CPU.ActiveCfg = Debug|Any CPU
		{68BB900A-9609-4596-8E95-B72AFCD7A24A}.Debug|Any CPU.Build.0 = Debug|Any CPU
		{68BB900A-9609-4596-8E95-B72AFCD7A24A}.Release|Any CPU.ActiveCfg = Release|Any CPU
		{68BB900A-9609-4596-8E95-B72AFCD7A24A}.Release|Any CPU.Build.0 = Release|Any CPU
		{214EDB7F-1FC3-4F3E-9242-51CE8A0E9A3F}.Debug|Any CPU.ActiveCfg = Debug|Any CPU
		{214EDB7F-1FC3-4F3E-9242-51CE8A0E9A3F}.Debug|Any CPU.Build.0 = Debug|Any CPU
		{214EDB7F-1FC3-4F3E-9242-51CE8A0E9A3F}.Release|Any CPU.ActiveCfg = Release|Any CPU
		{214EDB7F-1FC3-4F3E-9242-51CE8A0E9A3F}.Release|Any CPU.Build.0 = Release|Any CPU
		{5B7AAD6D-5B90-4AE4-9FAE-529E763DAFAD}.Debug|Any CPU.ActiveCfg = Debug|Any CPU
		{5B7AAD6D-5B90-4AE4-9FAE-529E763DAFAD}.Debug|Any CPU.Build.0 = Debug|Any CPU
		{5B7AAD6D-5B90-4AE4-9FAE-529E763DAFAD}.Release|Any CPU.ActiveCfg = Release|Any CPU
		{5B7AAD6D-5B90-4AE4-9FAE-529E763DAFAD}.Release|Any CPU.Build.0 = Release|Any CPU
		{E281D457-F259-4F0B-8608-16C81D8AE97B}.Debug|Any CPU.ActiveCfg = Debug|Any CPU
		{E281D457-F259-4F0B-8608-16C81D8AE97B}.Debug|Any CPU.Build.0 = Debug|Any CPU
		{E281D457-F259-4F0B-8608-16C81D8AE97B}.Release|Any CPU.ActiveCfg = Release|Any CPU
		{E281D457-F259-4F0B-8608-16C81D8AE97B}.Release|Any CPU.Build.0 = Release|Any CPU
		{E29F850E-3069-40FC-99AE-9720876B0187}.Debug|Any CPU.ActiveCfg = Debug|Any CPU
		{E29F850E-3069-40FC-99AE-9720876B0187}.Debug|Any CPU.Build.0 = Debug|Any CPU
		{E29F850E-3069-40FC-99AE-9720876B0187}.Release|Any CPU.ActiveCfg = Release|Any CPU
		{E29F850E-3069-40FC-99AE-9720876B0187}.Release|Any CPU.Build.0 = Release|Any CPU
		{A9A5CDD3-CA9A-4952-A3DE-0F107BBB826A}.Debug|Any CPU.ActiveCfg = Debug|Any CPU
		{A9A5CDD3-CA9A-4952-A3DE-0F107BBB826A}.Debug|Any CPU.Build.0 = Debug|Any CPU
		{A9A5CDD3-CA9A-4952-A3DE-0F107BBB826A}.Release|Any CPU.ActiveCfg = Release|Any CPU
		{A9A5CDD3-CA9A-4952-A3DE-0F107BBB826A}.Release|Any CPU.Build.0 = Release|Any CPU
	EndGlobalSection
	GlobalSection(SolutionProperties) = preSolution
		HideSolutionNode = FALSE
	EndGlobalSection
	GlobalSection(NestedProjects) = preSolution
		{7B9ECCF7-6803-437E-A9F3-3FFB7EEF3C36} = {5D93BD1F-211C-4D08-A2D3-FE0BCBCB31C3}
		{485A525F-05B5-4AD6-9E44-546FF23DB81E} = {5D93BD1F-211C-4D08-A2D3-FE0BCBCB31C3}
		{5F6930AC-4A24-4AC5-B412-1DB38968A9AA} = {5D93BD1F-211C-4D08-A2D3-FE0BCBCB31C3}
		{C5FF2428-31F9-4412-9544-4FC240D7E49E} = {5D93BD1F-211C-4D08-A2D3-FE0BCBCB31C3}
		{F0823E88-AEFE-4496-85B4-A9C9EF5E375F} = {5D93BD1F-211C-4D08-A2D3-FE0BCBCB31C3}
		{17BD90E6-2A67-4F7F-B67B-173BC3FBF5A2} = {652D396E-17AE-4169-8FEB-251FB55C16EB}
		{40D81F2F-51E2-4970-96FD-EDCE9A7484E3} = {652D396E-17AE-4169-8FEB-251FB55C16EB}
		{20F6B1F4-E333-44B8-BF10-7A56FEFE2C81} = {652D396E-17AE-4169-8FEB-251FB55C16EB}
		{914C0EDC-66C1-4AC4-8001-0B2CE4B0A48B} = {652D396E-17AE-4169-8FEB-251FB55C16EB}
		{BEDF75C6-4D75-47DA-A72B-968D6C217D0F} = {C6261077-7EE1-4A10-B293-C55613DF0C96}
		{BB461787-E027-4574-B3B9-1A5E35B32F6F} = {C6261077-7EE1-4A10-B293-C55613DF0C96}
		{D06DF685-018C-4C28-A5AC-408850A268E5} = {C6261077-7EE1-4A10-B293-C55613DF0C96}
		{7B422668-5E8B-4825-BB49-6993C284561A} = {C6261077-7EE1-4A10-B293-C55613DF0C96}
		{16197C6D-54B6-430E-9920-23470632B550} = {C6261077-7EE1-4A10-B293-C55613DF0C96}
		{5E5185B9-15BC-4FE6-9802-119BA285E141} = {C6261077-7EE1-4A10-B293-C55613DF0C96}
		{6320FDBB-A971-4684-86F4-B4FCF956F2B7} = {C6261077-7EE1-4A10-B293-C55613DF0C96}
		{68BB900A-9609-4596-8E95-B72AFCD7A24A} = {C6261077-7EE1-4A10-B293-C55613DF0C96}
		{214EDB7F-1FC3-4F3E-9242-51CE8A0E9A3F} = {C6261077-7EE1-4A10-B293-C55613DF0C96}
		{5B7AAD6D-5B90-4AE4-9FAE-529E763DAFAD} = {3DB420EE-D9CB-46C1-BE47-8D8C9BA1DB9C}
		{E281D457-F259-4F0B-8608-16C81D8AE97B} = {EED1CE79-BCEB-47B4-9D6B-E5306513D544}
		{260ABF3E-D44E-4B0D-80A5-E455E0C74D3C} = {C6261077-7EE1-4A10-B293-C55613DF0C96}
		{E29F850E-3069-40FC-99AE-9720876B0187} = {260ABF3E-D44E-4B0D-80A5-E455E0C74D3C}
		{A9A5CDD3-CA9A-4952-A3DE-0F107BBB826A} = {260ABF3E-D44E-4B0D-80A5-E455E0C74D3C}
	EndGlobalSection
	GlobalSection(MonoDevelopProperties) = preSolution
		StartupItem = DroidClient\DroidClient.csproj
	EndGlobalSection
EndGlobal
